// !$*UTF8*$!
{
	archiveVersion = 1;
	classes = {
	};
	objectVersion = 50;
	objects = {

/* Begin PBXBuildFile section */
		0DB9D711848189A385558825 /* Pods_TaskyBlocksTests.framework in Frameworks */ = {isa = PBXBuildFile; fileRef = 3CCB854CE0DB8AAC16109F0D /* Pods_TaskyBlocksTests.framework */; };
		517211B36059D477D9D02E55 /* Pods_TaskyBlocks.framework in Frameworks */ = {isa = PBXBuildFile; fileRef = 100335919D82C4C02AD49442 /* Pods_TaskyBlocks.framework */; };
		951099722075C0A10091DF49 /* TaskyBlocksUITests.swift in Sources */ = {isa = PBXBuildFile; fileRef = 951099712075C0A10091DF49 /* TaskyBlocksUITests.swift */; };
		951099922075C14A0091DF49 /* PerformViewController.swift in Sources */ = {isa = PBXBuildFile; fileRef = 9510997F2075C1460091DF49 /* PerformViewController.swift */; };
		951099962075C14A0091DF49 /* LaunchScreen.storyboard in Resources */ = {isa = PBXBuildFile; fileRef = 951099832075C1460091DF49 /* LaunchScreen.storyboard */; };
		951099982075C14A0091DF49 /* Assets.xcassets in Resources */ = {isa = PBXBuildFile; fileRef = 951099852075C1460091DF49 /* Assets.xcassets */; };
		951099992075C14A0091DF49 /* Main.storyboard in Resources */ = {isa = PBXBuildFile; fileRef = 951099862075C1470091DF49 /* Main.storyboard */; };
		9510999A2075C14A0091DF49 /* AppDelegate.swift in Sources */ = {isa = PBXBuildFile; fileRef = 951099872075C1470091DF49 /* AppDelegate.swift */; };
		9510999B2075C14A0091DF49 /* PomodoroViewController.swift in Sources */ = {isa = PBXBuildFile; fileRef = 951099882075C1470091DF49 /* PomodoroViewController.swift */; };
		9510999C2075C14A0091DF49 /* DetailViewController.swift in Sources */ = {isa = PBXBuildFile; fileRef = 951099892075C1470091DF49 /* DetailViewController.swift */; };
		9510999D2075C14A0091DF49 /* TaskyBlock2.xib in Resources */ = {isa = PBXBuildFile; fileRef = 9510998A2075C1480091DF49 /* TaskyBlock2.xib */; };
		9510999E2075C14A0091DF49 /* HierarchyViewController.swift in Sources */ = {isa = PBXBuildFile; fileRef = 9510998B2075C1480091DF49 /* HierarchyViewController.swift */; };
		951099A32075C14A0091DF49 /* DependencyViewController.swift in Sources */ = {isa = PBXBuildFile; fileRef = 951099902075C1490091DF49 /* DependencyViewController.swift */; };
		951099A42075C14A0091DF49 /* TaskyBlock2.swift in Sources */ = {isa = PBXBuildFile; fileRef = 951099912075C1490091DF49 /* TaskyBlock2.swift */; };
		951099A62075C3600091DF49 /* TaskyBlocksTests.swift in Sources */ = {isa = PBXBuildFile; fileRef = 951099662075C0A10091DF49 /* TaskyBlocksTests.swift */; };
		9534855A2079859300A613B9 /* PickerTableViewCell.swift in Sources */ = {isa = PBXBuildFile; fileRef = 953485592079859300A613B9 /* PickerTableViewCell.swift */; };
		9534855C20798A2F00A613B9 /* PickerTableViewController.swift in Sources */ = {isa = PBXBuildFile; fileRef = 9534855B20798A2F00A613B9 /* PickerTableViewController.swift */; };
		953B32C3207EB4BB00B24C81 /* TaskyBlockLibrary.swift in Sources */ = {isa = PBXBuildFile; fileRef = 953B32C2207EB4BA00B24C81 /* TaskyBlockLibrary.swift */; };
		953B32C5207EB53800B24C81 /* TaskyNodeManager.swift in Sources */ = {isa = PBXBuildFile; fileRef = 953B32C4207EB53800B24C81 /* TaskyNodeManager.swift */; };
		9561F898207FB460003766B6 /* SettingsTableViewController.swift in Sources */ = {isa = PBXBuildFile; fileRef = 9561F897207FB460003766B6 /* SettingsTableViewController.swift */; };
		9561F89C207FE43A003766B6 /* TaskyFilterManager.swift in Sources */ = {isa = PBXBuildFile; fileRef = 9561F89B207FE43A003766B6 /* TaskyFilterManager.swift */; };
		9571D0CA20818487008272E8 /* CollectionViewCell.swift in Sources */ = {isa = PBXBuildFile; fileRef = 9571D0C920818487008272E8 /* CollectionViewCell.swift */; };
		9571D0CC20818573008272E8 /* PriorityViewController.swift in Sources */ = {isa = PBXBuildFile; fileRef = 9571D0CB20818573008272E8 /* PriorityViewController.swift */; };
		9571D0CE2081C04A008272E8 /* TaskyCollectionViewLayout.swift in Sources */ = {isa = PBXBuildFile; fileRef = 9571D0CD2081C04A008272E8 /* TaskyCollectionViewLayout.swift */; };
		9583A27D20827948000F22EC /* TaskyNodeEditor.swift in Sources */ = {isa = PBXBuildFile; fileRef = 9583A27C20827948000F22EC /* TaskyNodeEditor.swift */; };
		95A1834B207C39F500F38ED3 /* UITextViewPlaceholder.swift in Sources */ = {isa = PBXBuildFile; fileRef = 95A1834A207C39F500F38ED3 /* UITextViewPlaceholder.swift */; };
		95BE0D2F2076027A0097937F /* TaskTimer.swift in Sources */ = {isa = PBXBuildFile; fileRef = 95BE0D2E207602790097937F /* TaskTimer.swift */; };
		95D05A7820789D220053593E /* DetailTableViewCell.swift in Sources */ = {isa = PBXBuildFile; fileRef = 95D05A7720789D220053593E /* DetailTableViewCell.swift */; };
		95DC88CD20771D7B00E346DB /* GraphPageViewController.swift in Sources */ = {isa = PBXBuildFile; fileRef = 95DC88CC20771D7B00E346DB /* GraphPageViewController.swift */; };
		95DC88D120772A8B00E346DB /* ViewController.swift in Sources */ = {isa = PBXBuildFile; fileRef = 95DC88D020772A8A00E346DB /* ViewController.swift */; };
		95DC88D52077489B00E346DB /* TaskyNode.swift in Sources */ = {isa = PBXBuildFile; fileRef = 95DC88D42077489B00E346DB /* TaskyNode.swift */; };
		95DC88D920774E2900E346DB /* TaskyGraphView.swift in Sources */ = {isa = PBXBuildFile; fileRef = 95DC88D820774E2800E346DB /* TaskyGraphView.swift */; };
		95E5EFCF20780CB700CD8D6C /* SplashViewController.swift in Sources */ = {isa = PBXBuildFile; fileRef = 95E5EFCE20780CB700CD8D6C /* SplashViewController.swift */; };
		A8FB86C5040C81C5F8BECB96 /* Pods_TaskyBlocksUITests.framework in Frameworks */ = {isa = PBXBuildFile; fileRef = 525EBF3C26B119C459668B45 /* Pods_TaskyBlocksUITests.framework */; };
/* End PBXBuildFile section */

/* Begin PBXContainerItemProxy section */
		951099632075C0A10091DF49 /* PBXContainerItemProxy */ = {
			isa = PBXContainerItemProxy;
			containerPortal = 951099462075C09F0091DF49 /* Project object */;
			proxyType = 1;
			remoteGlobalIDString = 9510994D2075C09F0091DF49;
			remoteInfo = TaskyBlocks;
		};
		9510996E2075C0A10091DF49 /* PBXContainerItemProxy */ = {
			isa = PBXContainerItemProxy;
			containerPortal = 951099462075C09F0091DF49 /* Project object */;
			proxyType = 1;
			remoteGlobalIDString = 9510994D2075C09F0091DF49;
			remoteInfo = TaskyBlocks;
		};
/* End PBXContainerItemProxy section */

/* Begin PBXFileReference section */
		02832F0167D32952AFA3D549 /* Pods-TaskyBlocksUITests.release.xcconfig */ = {isa = PBXFileReference; includeInIndex = 1; lastKnownFileType = text.xcconfig; name = "Pods-TaskyBlocksUITests.release.xcconfig"; path = "Pods/Target Support Files/Pods-TaskyBlocksUITests/Pods-TaskyBlocksUITests.release.xcconfig"; sourceTree = "<group>"; };
		100335919D82C4C02AD49442 /* Pods_TaskyBlocks.framework */ = {isa = PBXFileReference; explicitFileType = wrapper.framework; includeInIndex = 0; path = Pods_TaskyBlocks.framework; sourceTree = BUILT_PRODUCTS_DIR; };
		346425527CA56A1F0069E0C7 /* Pods-TaskyBlocksTests.debug.xcconfig */ = {isa = PBXFileReference; includeInIndex = 1; lastKnownFileType = text.xcconfig; name = "Pods-TaskyBlocksTests.debug.xcconfig"; path = "Pods/Target Support Files/Pods-TaskyBlocksTests/Pods-TaskyBlocksTests.debug.xcconfig"; sourceTree = "<group>"; };
		3CCB854CE0DB8AAC16109F0D /* Pods_TaskyBlocksTests.framework */ = {isa = PBXFileReference; explicitFileType = wrapper.framework; includeInIndex = 0; path = Pods_TaskyBlocksTests.framework; sourceTree = BUILT_PRODUCTS_DIR; };
		4F1BA92A39685022D1D3C68E /* Pods-TaskyBlocksTests.release.xcconfig */ = {isa = PBXFileReference; includeInIndex = 1; lastKnownFileType = text.xcconfig; name = "Pods-TaskyBlocksTests.release.xcconfig"; path = "Pods/Target Support Files/Pods-TaskyBlocksTests/Pods-TaskyBlocksTests.release.xcconfig"; sourceTree = "<group>"; };
		525EBF3C26B119C459668B45 /* Pods_TaskyBlocksUITests.framework */ = {isa = PBXFileReference; explicitFileType = wrapper.framework; includeInIndex = 0; path = Pods_TaskyBlocksUITests.framework; sourceTree = BUILT_PRODUCTS_DIR; };
		9510994E2075C09F0091DF49 /* TaskyBlocks.app */ = {isa = PBXFileReference; explicitFileType = wrapper.application; includeInIndex = 0; path = TaskyBlocks.app; sourceTree = BUILT_PRODUCTS_DIR; };
		9510995D2075C0A10091DF49 /* Info.plist */ = {isa = PBXFileReference; lastKnownFileType = text.plist.xml; path = Info.plist; sourceTree = "<group>"; };
		951099622075C0A10091DF49 /* TaskyBlocksTests.xctest */ = {isa = PBXFileReference; explicitFileType = wrapper.cfbundle; includeInIndex = 0; path = TaskyBlocksTests.xctest; sourceTree = BUILT_PRODUCTS_DIR; };
		951099662075C0A10091DF49 /* TaskyBlocksTests.swift */ = {isa = PBXFileReference; lastKnownFileType = sourcecode.swift; path = TaskyBlocksTests.swift; sourceTree = "<group>"; };
		951099682075C0A10091DF49 /* Info.plist */ = {isa = PBXFileReference; lastKnownFileType = text.plist.xml; path = Info.plist; sourceTree = "<group>"; };
		9510996D2075C0A10091DF49 /* TaskyBlocksUITests.xctest */ = {isa = PBXFileReference; explicitFileType = wrapper.cfbundle; includeInIndex = 0; path = TaskyBlocksUITests.xctest; sourceTree = BUILT_PRODUCTS_DIR; };
		951099712075C0A10091DF49 /* TaskyBlocksUITests.swift */ = {isa = PBXFileReference; lastKnownFileType = sourcecode.swift; path = TaskyBlocksUITests.swift; sourceTree = "<group>"; };
		951099732075C0A10091DF49 /* Info.plist */ = {isa = PBXFileReference; lastKnownFileType = text.plist.xml; path = Info.plist; sourceTree = "<group>"; };
		9510997F2075C1460091DF49 /* PerformViewController.swift */ = {isa = PBXFileReference; fileEncoding = 4; lastKnownFileType = sourcecode.swift; path = PerformViewController.swift; sourceTree = "<group>"; };
		951099832075C1460091DF49 /* LaunchScreen.storyboard */ = {isa = PBXFileReference; fileEncoding = 4; lastKnownFileType = file.storyboard; path = LaunchScreen.storyboard; sourceTree = "<group>"; };
		951099852075C1460091DF49 /* Assets.xcassets */ = {isa = PBXFileReference; lastKnownFileType = folder.assetcatalog; path = Assets.xcassets; sourceTree = "<group>"; };
		951099862075C1470091DF49 /* Main.storyboard */ = {isa = PBXFileReference; fileEncoding = 4; lastKnownFileType = file.storyboard; path = Main.storyboard; sourceTree = "<group>"; };
		951099872075C1470091DF49 /* AppDelegate.swift */ = {isa = PBXFileReference; fileEncoding = 4; lastKnownFileType = sourcecode.swift; path = AppDelegate.swift; sourceTree = "<group>"; };
		951099882075C1470091DF49 /* PomodoroViewController.swift */ = {isa = PBXFileReference; fileEncoding = 4; lastKnownFileType = sourcecode.swift; path = PomodoroViewController.swift; sourceTree = "<group>"; };
		951099892075C1470091DF49 /* DetailViewController.swift */ = {isa = PBXFileReference; fileEncoding = 4; lastKnownFileType = sourcecode.swift; path = DetailViewController.swift; sourceTree = "<group>"; };
		9510998A2075C1480091DF49 /* TaskyBlock2.xib */ = {isa = PBXFileReference; fileEncoding = 4; lastKnownFileType = file.xib; path = TaskyBlock2.xib; sourceTree = "<group>"; };
		9510998B2075C1480091DF49 /* HierarchyViewController.swift */ = {isa = PBXFileReference; fileEncoding = 4; lastKnownFileType = sourcecode.swift; path = HierarchyViewController.swift; sourceTree = "<group>"; };
		951099902075C1490091DF49 /* DependencyViewController.swift */ = {isa = PBXFileReference; fileEncoding = 4; lastKnownFileType = sourcecode.swift; path = DependencyViewController.swift; sourceTree = "<group>"; };
		951099912075C1490091DF49 /* TaskyBlock2.swift */ = {isa = PBXFileReference; fileEncoding = 4; lastKnownFileType = sourcecode.swift; path = TaskyBlock2.swift; sourceTree = "<group>"; };
		953485592079859300A613B9 /* PickerTableViewCell.swift */ = {isa = PBXFileReference; lastKnownFileType = sourcecode.swift; path = PickerTableViewCell.swift; sourceTree = "<group>"; };
		9534855B20798A2F00A613B9 /* PickerTableViewController.swift */ = {isa = PBXFileReference; lastKnownFileType = sourcecode.swift; path = PickerTableViewController.swift; sourceTree = "<group>"; };
		953B32C2207EB4BA00B24C81 /* TaskyBlockLibrary.swift */ = {isa = PBXFileReference; lastKnownFileType = sourcecode.swift; name = TaskyBlockLibrary.swift; path = /Users/chriseloranta/Desktop/Lighthouse/FinalProject/TaskyBlocks/TaskyBlocks/TaskyBlockLibrary.swift; sourceTree = "<absolute>"; };
		953B32C4207EB53800B24C81 /* TaskyNodeManager.swift */ = {isa = PBXFileReference; lastKnownFileType = sourcecode.swift; path = TaskyNodeManager.swift; sourceTree = "<group>"; };
		9561F897207FB460003766B6 /* SettingsTableViewController.swift */ = {isa = PBXFileReference; lastKnownFileType = sourcecode.swift; path = SettingsTableViewController.swift; sourceTree = "<group>"; };
		9561F89B207FE43A003766B6 /* TaskyFilterManager.swift */ = {isa = PBXFileReference; lastKnownFileType = sourcecode.swift; name = TaskyFilterManager.swift; path = /Users/chriseloranta/Desktop/Lighthouse/FinalProject/TaskyBlocks/TaskyBlocks/ViewControllers/TaskyFilterManager.swift; sourceTree = "<absolute>"; };
		9571D0C920818487008272E8 /* CollectionViewCell.swift */ = {isa = PBXFileReference; lastKnownFileType = sourcecode.swift; path = CollectionViewCell.swift; sourceTree = "<group>"; };
		9571D0CB20818573008272E8 /* PriorityViewController.swift */ = {isa = PBXFileReference; lastKnownFileType = sourcecode.swift; path = PriorityViewController.swift; sourceTree = "<group>"; };
		9571D0CD2081C04A008272E8 /* TaskyCollectionViewLayout.swift */ = {isa = PBXFileReference; lastKnownFileType = sourcecode.swift; path = TaskyCollectionViewLayout.swift; sourceTree = "<group>"; };
		9583A27C20827948000F22EC /* TaskyNodeEditor.swift */ = {isa = PBXFileReference; lastKnownFileType = sourcecode.swift; path = TaskyNodeEditor.swift; sourceTree = "<group>"; };
		95A1834A207C39F500F38ED3 /* UITextViewPlaceholder.swift */ = {isa = PBXFileReference; lastKnownFileType = sourcecode.swift; path = UITextViewPlaceholder.swift; sourceTree = "<group>"; };
		95BE0D2E207602790097937F /* TaskTimer.swift */ = {isa = PBXFileReference; lastKnownFileType = sourcecode.swift; path = TaskTimer.swift; sourceTree = "<group>"; };
		95D05A7720789D220053593E /* DetailTableViewCell.swift */ = {isa = PBXFileReference; lastKnownFileType = sourcecode.swift; path = DetailTableViewCell.swift; sourceTree = "<group>"; };
		95DC88CC20771D7B00E346DB /* GraphPageViewController.swift */ = {isa = PBXFileReference; lastKnownFileType = sourcecode.swift; path = GraphPageViewController.swift; sourceTree = "<group>"; };
		95DC88D020772A8A00E346DB /* ViewController.swift */ = {isa = PBXFileReference; lastKnownFileType = sourcecode.swift; path = ViewController.swift; sourceTree = "<group>"; };
		95DC88D42077489B00E346DB /* TaskyNode.swift */ = {isa = PBXFileReference; lastKnownFileType = sourcecode.swift; path = TaskyNode.swift; sourceTree = "<group>"; };
		95DC88D820774E2800E346DB /* TaskyGraphView.swift */ = {isa = PBXFileReference; lastKnownFileType = sourcecode.swift; path = TaskyGraphView.swift; sourceTree = "<group>"; };
		95E5EFCE20780CB700CD8D6C /* SplashViewController.swift */ = {isa = PBXFileReference; lastKnownFileType = sourcecode.swift; path = SplashViewController.swift; sourceTree = "<group>"; };
		A72648820E802729DA3A0EBD /* Pods-TaskyBlocksUITests.debug.xcconfig */ = {isa = PBXFileReference; includeInIndex = 1; lastKnownFileType = text.xcconfig; name = "Pods-TaskyBlocksUITests.debug.xcconfig"; path = "Pods/Target Support Files/Pods-TaskyBlocksUITests/Pods-TaskyBlocksUITests.debug.xcconfig"; sourceTree = "<group>"; };
		F60413C7A89086E30F4D0CA1 /* Pods-TaskyBlocks.debug.xcconfig */ = {isa = PBXFileReference; includeInIndex = 1; lastKnownFileType = text.xcconfig; name = "Pods-TaskyBlocks.debug.xcconfig"; path = "Pods/Target Support Files/Pods-TaskyBlocks/Pods-TaskyBlocks.debug.xcconfig"; sourceTree = "<group>"; };
		FB974643A72EBA075538E8B3 /* Pods-TaskyBlocks.release.xcconfig */ = {isa = PBXFileReference; includeInIndex = 1; lastKnownFileType = text.xcconfig; name = "Pods-TaskyBlocks.release.xcconfig"; path = "Pods/Target Support Files/Pods-TaskyBlocks/Pods-TaskyBlocks.release.xcconfig"; sourceTree = "<group>"; };
/* End PBXFileReference section */

/* Begin PBXFrameworksBuildPhase section */
		9510994B2075C09F0091DF49 /* Frameworks */ = {
			isa = PBXFrameworksBuildPhase;
			buildActionMask = 2147483647;
			files = (
				517211B36059D477D9D02E55 /* Pods_TaskyBlocks.framework in Frameworks */,
			);
			runOnlyForDeploymentPostprocessing = 0;
		};
		9510995F2075C0A10091DF49 /* Frameworks */ = {
			isa = PBXFrameworksBuildPhase;
			buildActionMask = 2147483647;
			files = (
				0DB9D711848189A385558825 /* Pods_TaskyBlocksTests.framework in Frameworks */,
			);
			runOnlyForDeploymentPostprocessing = 0;
		};
		9510996A2075C0A10091DF49 /* Frameworks */ = {
			isa = PBXFrameworksBuildPhase;
			buildActionMask = 2147483647;
			files = (
				A8FB86C5040C81C5F8BECB96 /* Pods_TaskyBlocksUITests.framework in Frameworks */,
			);
			runOnlyForDeploymentPostprocessing = 0;
		};
/* End PBXFrameworksBuildPhase section */

/* Begin PBXGroup section */
		78D9FFDBFD2E4B8C2E124FD0 /* Pods */ = {
			isa = PBXGroup;
			children = (
				F60413C7A89086E30F4D0CA1 /* Pods-TaskyBlocks.debug.xcconfig */,
				FB974643A72EBA075538E8B3 /* Pods-TaskyBlocks.release.xcconfig */,
				346425527CA56A1F0069E0C7 /* Pods-TaskyBlocksTests.debug.xcconfig */,
				4F1BA92A39685022D1D3C68E /* Pods-TaskyBlocksTests.release.xcconfig */,
				A72648820E802729DA3A0EBD /* Pods-TaskyBlocksUITests.debug.xcconfig */,
				02832F0167D32952AFA3D549 /* Pods-TaskyBlocksUITests.release.xcconfig */,
			);
			name = Pods;
			sourceTree = "<group>";
		};
		951099452075C09F0091DF49 = {
			isa = PBXGroup;
			children = (
				951099502075C09F0091DF49 /* TaskyBlocks */,
				951099652075C0A10091DF49 /* TaskyBlocksTests */,
				951099702075C0A10091DF49 /* TaskyBlocksUITests */,
				9510994F2075C09F0091DF49 /* Products */,
				78D9FFDBFD2E4B8C2E124FD0 /* Pods */,
				B99B930226CF906B54479857 /* Frameworks */,
			);
			sourceTree = "<group>";
		};
		9510994F2075C09F0091DF49 /* Products */ = {
			isa = PBXGroup;
			children = (
				9510994E2075C09F0091DF49 /* TaskyBlocks.app */,
				951099622075C0A10091DF49 /* TaskyBlocksTests.xctest */,
				9510996D2075C0A10091DF49 /* TaskyBlocksUITests.xctest */,
			);
			name = Products;
			sourceTree = "<group>";
		};
		951099502075C09F0091DF49 /* TaskyBlocks */ = {
			isa = PBXGroup;
			children = (
				951099852075C1460091DF49 /* Assets.xcassets */,
				953B32CB207EBB7700B24C81 /* LaunchItems */,
				953B32CA207EBB5A00B24C81 /* DataModel */,
				953B32C9207EBB3C00B24C81 /* CustomViewComponents */,
				951099862075C1470091DF49 /* Main.storyboard */,
				953B32C8207EBB0C00B24C81 /* ViewControllers */,
				9510995D2075C0A10091DF49 /* Info.plist */,
			);
			path = TaskyBlocks;
			sourceTree = "<group>";
		};
		951099652075C0A10091DF49 /* TaskyBlocksTests */ = {
			isa = PBXGroup;
			children = (
				951099662075C0A10091DF49 /* TaskyBlocksTests.swift */,
				951099682075C0A10091DF49 /* Info.plist */,
			);
			path = TaskyBlocksTests;
			sourceTree = "<group>";
		};
		951099702075C0A10091DF49 /* TaskyBlocksUITests */ = {
			isa = PBXGroup;
			children = (
				951099712075C0A10091DF49 /* TaskyBlocksUITests.swift */,
				951099732075C0A10091DF49 /* Info.plist */,
			);
			path = TaskyBlocksUITests;
			sourceTree = "<group>";
		};
		953B32C8207EBB0C00B24C81 /* ViewControllers */ = {
			isa = PBXGroup;
			children = (
				9561F89B207FE43A003766B6 /* TaskyFilterManager.swift */,
				9571D0CB20818573008272E8 /* PriorityViewController.swift */,
				95E5EFCE20780CB700CD8D6C /* SplashViewController.swift */,
				9510998B2075C1480091DF49 /* HierarchyViewController.swift */,
				951099902075C1490091DF49 /* DependencyViewController.swift */,
				95DC88D020772A8A00E346DB /* ViewController.swift */,
				951099882075C1470091DF49 /* PomodoroViewController.swift */,
				9510997F2075C1460091DF49 /* PerformViewController.swift */,
				95BE0D2E207602790097937F /* TaskTimer.swift */,
				951099892075C1470091DF49 /* DetailViewController.swift */,
				95D05A7720789D220053593E /* DetailTableViewCell.swift */,
				9561F897207FB460003766B6 /* SettingsTableViewController.swift */,
				9534855B20798A2F00A613B9 /* PickerTableViewController.swift */,
				953485592079859300A613B9 /* PickerTableViewCell.swift */,
			);
			path = ViewControllers;
			sourceTree = "<group>";
		};
		953B32C9207EBB3C00B24C81 /* CustomViewComponents */ = {
			isa = PBXGroup;
			children = (
				9510998A2075C1480091DF49 /* TaskyBlock2.xib */,
				951099912075C1490091DF49 /* TaskyBlock2.swift */,
				95DC88D820774E2800E346DB /* TaskyGraphView.swift */,
				9571D0C920818487008272E8 /* CollectionViewCell.swift */,
				9571D0CD2081C04A008272E8 /* TaskyCollectionViewLayout.swift */,
				95DC88CC20771D7B00E346DB /* GraphPageViewController.swift */,
			);
			path = CustomViewComponents;
			sourceTree = "<group>";
		};
		953B32CA207EBB5A00B24C81 /* DataModel */ = {
			isa = PBXGroup;
			children = (
				953B32C4207EB53800B24C81 /* TaskyNodeManager.swift */,
				9583A27C20827948000F22EC /* TaskyNodeEditor.swift */,
				95DC88D42077489B00E346DB /* TaskyNode.swift */,
			);
			path = DataModel;
			sourceTree = "<group>";
		};
		953B32CB207EBB7700B24C81 /* LaunchItems */ = {
			isa = PBXGroup;
			children = (
				951099872075C1470091DF49 /* AppDelegate.swift */,
				951099832075C1460091DF49 /* LaunchScreen.storyboard */,
				95A1834A207C39F500F38ED3 /* UITextViewPlaceholder.swift */,
				953B32C2207EB4BA00B24C81 /* TaskyBlockLibrary.swift */,
			);
			path = LaunchItems;
			sourceTree = "<group>";
		};
		B99B930226CF906B54479857 /* Frameworks */ = {
			isa = PBXGroup;
			children = (
				100335919D82C4C02AD49442 /* Pods_TaskyBlocks.framework */,
				3CCB854CE0DB8AAC16109F0D /* Pods_TaskyBlocksTests.framework */,
				525EBF3C26B119C459668B45 /* Pods_TaskyBlocksUITests.framework */,
			);
			name = Frameworks;
			sourceTree = "<group>";
		};
/* End PBXGroup section */

/* Begin PBXNativeTarget section */
		9510994D2075C09F0091DF49 /* TaskyBlocks */ = {
			isa = PBXNativeTarget;
			buildConfigurationList = 951099762075C0A10091DF49 /* Build configuration list for PBXNativeTarget "TaskyBlocks" */;
			buildPhases = (
				21AC460EDD97BC050C83FDED /* [CP] Check Pods Manifest.lock */,
				9510994A2075C09F0091DF49 /* Sources */,
				9510994B2075C09F0091DF49 /* Frameworks */,
				9510994C2075C09F0091DF49 /* Resources */,
				9362274EE943CC190FDB001D /* [CP] Embed Pods Frameworks */,
				E5151E166DDFDCBC8FB94D5F /* [CP] Copy Pods Resources */,
			);
			buildRules = (
			);
			dependencies = (
			);
			name = TaskyBlocks;
			productName = TaskyBlocks;
			productReference = 9510994E2075C09F0091DF49 /* TaskyBlocks.app */;
			productType = "com.apple.product-type.application";
		};
		951099612075C0A10091DF49 /* TaskyBlocksTests */ = {
			isa = PBXNativeTarget;
			buildConfigurationList = 951099792075C0A10091DF49 /* Build configuration list for PBXNativeTarget "TaskyBlocksTests" */;
			buildPhases = (
				68E4A9F919CB672408DEACAE /* [CP] Check Pods Manifest.lock */,
				9510995E2075C0A10091DF49 /* Sources */,
				9510995F2075C0A10091DF49 /* Frameworks */,
				951099602075C0A10091DF49 /* Resources */,
				177E4115BBC9EA663940BCDA /* [CP] Embed Pods Frameworks */,
				DD7A302582EE28AA3360F682 /* [CP] Copy Pods Resources */,
			);
			buildRules = (
			);
			dependencies = (
				951099642075C0A10091DF49 /* PBXTargetDependency */,
			);
			name = TaskyBlocksTests;
			productName = TaskyBlocksTests;
			productReference = 951099622075C0A10091DF49 /* TaskyBlocksTests.xctest */;
			productType = "com.apple.product-type.bundle.unit-test";
		};
		9510996C2075C0A10091DF49 /* TaskyBlocksUITests */ = {
			isa = PBXNativeTarget;
			buildConfigurationList = 9510997C2075C0A10091DF49 /* Build configuration list for PBXNativeTarget "TaskyBlocksUITests" */;
			buildPhases = (
				D50751A8ED8E527EDB1CE8B0 /* [CP] Check Pods Manifest.lock */,
				951099692075C0A10091DF49 /* Sources */,
				9510996A2075C0A10091DF49 /* Frameworks */,
				9510996B2075C0A10091DF49 /* Resources */,
				E75302AF30BDA290B4557BE9 /* [CP] Embed Pods Frameworks */,
				9058CFE2ECD189E084F44951 /* [CP] Copy Pods Resources */,
			);
			buildRules = (
			);
			dependencies = (
				9510996F2075C0A10091DF49 /* PBXTargetDependency */,
			);
			name = TaskyBlocksUITests;
			productName = TaskyBlocksUITests;
			productReference = 9510996D2075C0A10091DF49 /* TaskyBlocksUITests.xctest */;
			productType = "com.apple.product-type.bundle.ui-testing";
		};
/* End PBXNativeTarget section */

/* Begin PBXProject section */
		951099462075C09F0091DF49 /* Project object */ = {
			isa = PBXProject;
			attributes = {
				LastSwiftUpdateCheck = 0930;
				LastUpgradeCheck = 0930;
				ORGANIZATIONNAME = "Christopher Eloranta";
				TargetAttributes = {
					9510994D2075C09F0091DF49 = {
						CreatedOnToolsVersion = 9.3;
						LastSwiftMigration = 0930;
					};
					951099612075C0A10091DF49 = {
						CreatedOnToolsVersion = 9.3;
						TestTargetID = 9510994D2075C09F0091DF49;
					};
					9510996C2075C0A10091DF49 = {
						CreatedOnToolsVersion = 9.3;
						TestTargetID = 9510994D2075C09F0091DF49;
					};
				};
			};
			buildConfigurationList = 951099492075C09F0091DF49 /* Build configuration list for PBXProject "TaskyBlocks" */;
			compatibilityVersion = "Xcode 9.3";
			developmentRegion = en;
			hasScannedForEncodings = 0;
			knownRegions = (
				en,
				Base,
			);
			mainGroup = 951099452075C09F0091DF49;
			productRefGroup = 9510994F2075C09F0091DF49 /* Products */;
			projectDirPath = "";
			projectRoot = "";
			targets = (
				9510994D2075C09F0091DF49 /* TaskyBlocks */,
				951099612075C0A10091DF49 /* TaskyBlocksTests */,
				9510996C2075C0A10091DF49 /* TaskyBlocksUITests */,
			);
		};
/* End PBXProject section */

/* Begin PBXResourcesBuildPhase section */
		9510994C2075C09F0091DF49 /* Resources */ = {
			isa = PBXResourcesBuildPhase;
			buildActionMask = 2147483647;
			files = (
				951099962075C14A0091DF49 /* LaunchScreen.storyboard in Resources */,
				951099992075C14A0091DF49 /* Main.storyboard in Resources */,
				951099982075C14A0091DF49 /* Assets.xcassets in Resources */,
				9510999D2075C14A0091DF49 /* TaskyBlock2.xib in Resources */,
			);
			runOnlyForDeploymentPostprocessing = 0;
		};
		951099602075C0A10091DF49 /* Resources */ = {
			isa = PBXResourcesBuildPhase;
			buildActionMask = 2147483647;
			files = (
			);
			runOnlyForDeploymentPostprocessing = 0;
		};
		9510996B2075C0A10091DF49 /* Resources */ = {
			isa = PBXResourcesBuildPhase;
			buildActionMask = 2147483647;
			files = (
			);
			runOnlyForDeploymentPostprocessing = 0;
		};
/* End PBXResourcesBuildPhase section */

/* Begin PBXShellScriptBuildPhase section */
		177E4115BBC9EA663940BCDA /* [CP] Embed Pods Frameworks */ = {
			isa = PBXShellScriptBuildPhase;
			buildActionMask = 2147483647;
			files = (
			);
			inputPaths = (
			);
			name = "[CP] Embed Pods Frameworks";
			outputPaths = (
			);
			runOnlyForDeploymentPostprocessing = 0;
			shellPath = /bin/sh;
			shellScript = "\"${SRCROOT}/Pods/Target Support Files/Pods-TaskyBlocksTests/Pods-TaskyBlocksTests-frameworks.sh\"\n";
			showEnvVarsInLog = 0;
		};
		21AC460EDD97BC050C83FDED /* [CP] Check Pods Manifest.lock */ = {
			isa = PBXShellScriptBuildPhase;
			buildActionMask = 2147483647;
			files = (
			);
			inputPaths = (
				"${PODS_PODFILE_DIR_PATH}/Podfile.lock",
				"${PODS_ROOT}/Manifest.lock",
			);
			name = "[CP] Check Pods Manifest.lock";
			outputPaths = (
				"$(DERIVED_FILE_DIR)/Pods-TaskyBlocks-checkManifestLockResult.txt",
			);
			runOnlyForDeploymentPostprocessing = 0;
			shellPath = /bin/sh;
			shellScript = "diff \"${PODS_PODFILE_DIR_PATH}/Podfile.lock\" \"${PODS_ROOT}/Manifest.lock\" > /dev/null\nif [ $? != 0 ] ; then\n    # print error to STDERR\n    echo \"error: The sandbox is not in sync with the Podfile.lock. Run 'pod install' or update your CocoaPods installation.\" >&2\n    exit 1\nfi\n# This output is used by Xcode 'outputs' to avoid re-running this script phase.\necho \"SUCCESS\" > \"${SCRIPT_OUTPUT_FILE_0}\"\n";
			showEnvVarsInLog = 0;
		};
		68E4A9F919CB672408DEACAE /* [CP] Check Pods Manifest.lock */ = {
			isa = PBXShellScriptBuildPhase;
			buildActionMask = 2147483647;
			files = (
			);
			inputPaths = (
				"${PODS_PODFILE_DIR_PATH}/Podfile.lock",
				"${PODS_ROOT}/Manifest.lock",
			);
			name = "[CP] Check Pods Manifest.lock";
			outputPaths = (
				"$(DERIVED_FILE_DIR)/Pods-TaskyBlocksTests-checkManifestLockResult.txt",
			);
			runOnlyForDeploymentPostprocessing = 0;
			shellPath = /bin/sh;
			shellScript = "diff \"${PODS_PODFILE_DIR_PATH}/Podfile.lock\" \"${PODS_ROOT}/Manifest.lock\" > /dev/null\nif [ $? != 0 ] ; then\n    # print error to STDERR\n    echo \"error: The sandbox is not in sync with the Podfile.lock. Run 'pod install' or update your CocoaPods installation.\" >&2\n    exit 1\nfi\n# This output is used by Xcode 'outputs' to avoid re-running this script phase.\necho \"SUCCESS\" > \"${SCRIPT_OUTPUT_FILE_0}\"\n";
			showEnvVarsInLog = 0;
		};
		9058CFE2ECD189E084F44951 /* [CP] Copy Pods Resources */ = {
			isa = PBXShellScriptBuildPhase;
			buildActionMask = 2147483647;
			files = (
			);
			inputPaths = (
			);
			name = "[CP] Copy Pods Resources";
			outputPaths = (
			);
			runOnlyForDeploymentPostprocessing = 0;
			shellPath = /bin/sh;
			shellScript = "\"${SRCROOT}/Pods/Target Support Files/Pods-TaskyBlocksUITests/Pods-TaskyBlocksUITests-resources.sh\"\n";
			showEnvVarsInLog = 0;
		};
		9362274EE943CC190FDB001D /* [CP] Embed Pods Frameworks */ = {
			isa = PBXShellScriptBuildPhase;
			buildActionMask = 2147483647;
			files = (
			);
			inputPaths = (
				"${SRCROOT}/Pods/Target Support Files/Pods-TaskyBlocks/Pods-TaskyBlocks-frameworks.sh",
				"${BUILT_PRODUCTS_DIR}/CircleTimer/AppusCircleTimer.framework",
				"${BUILT_PRODUCTS_DIR}/Realm/Realm.framework",
				"${BUILT_PRODUCTS_DIR}/RealmSwift/RealmSwift.framework",
			);
			name = "[CP] Embed Pods Frameworks";
			outputPaths = (
				"${TARGET_BUILD_DIR}/${FRAMEWORKS_FOLDER_PATH}/AppusCircleTimer.framework",
				"${TARGET_BUILD_DIR}/${FRAMEWORKS_FOLDER_PATH}/Realm.framework",
				"${TARGET_BUILD_DIR}/${FRAMEWORKS_FOLDER_PATH}/RealmSwift.framework",
			);
			runOnlyForDeploymentPostprocessing = 0;
			shellPath = /bin/sh;
			shellScript = "\"${SRCROOT}/Pods/Target Support Files/Pods-TaskyBlocks/Pods-TaskyBlocks-frameworks.sh\"\n";
			showEnvVarsInLog = 0;
		};
		D50751A8ED8E527EDB1CE8B0 /* [CP] Check Pods Manifest.lock */ = {
			isa = PBXShellScriptBuildPhase;
			buildActionMask = 2147483647;
			files = (
			);
			inputPaths = (
				"${PODS_PODFILE_DIR_PATH}/Podfile.lock",
				"${PODS_ROOT}/Manifest.lock",
			);
			name = "[CP] Check Pods Manifest.lock";
			outputPaths = (
				"$(DERIVED_FILE_DIR)/Pods-TaskyBlocksUITests-checkManifestLockResult.txt",
			);
			runOnlyForDeploymentPostprocessing = 0;
			shellPath = /bin/sh;
			shellScript = "diff \"${PODS_PODFILE_DIR_PATH}/Podfile.lock\" \"${PODS_ROOT}/Manifest.lock\" > /dev/null\nif [ $? != 0 ] ; then\n    # print error to STDERR\n    echo \"error: The sandbox is not in sync with the Podfile.lock. Run 'pod install' or update your CocoaPods installation.\" >&2\n    exit 1\nfi\n# This output is used by Xcode 'outputs' to avoid re-running this script phase.\necho \"SUCCESS\" > \"${SCRIPT_OUTPUT_FILE_0}\"\n";
			showEnvVarsInLog = 0;
		};
		DD7A302582EE28AA3360F682 /* [CP] Copy Pods Resources */ = {
			isa = PBXShellScriptBuildPhase;
			buildActionMask = 2147483647;
			files = (
			);
			inputPaths = (
			);
			name = "[CP] Copy Pods Resources";
			outputPaths = (
			);
			runOnlyForDeploymentPostprocessing = 0;
			shellPath = /bin/sh;
			shellScript = "\"${SRCROOT}/Pods/Target Support Files/Pods-TaskyBlocksTests/Pods-TaskyBlocksTests-resources.sh\"\n";
			showEnvVarsInLog = 0;
		};
		E5151E166DDFDCBC8FB94D5F /* [CP] Copy Pods Resources */ = {
			isa = PBXShellScriptBuildPhase;
			buildActionMask = 2147483647;
			files = (
			);
			inputPaths = (
			);
			name = "[CP] Copy Pods Resources";
			outputPaths = (
			);
			runOnlyForDeploymentPostprocessing = 0;
			shellPath = /bin/sh;
			shellScript = "\"${SRCROOT}/Pods/Target Support Files/Pods-TaskyBlocks/Pods-TaskyBlocks-resources.sh\"\n";
			showEnvVarsInLog = 0;
		};
		E75302AF30BDA290B4557BE9 /* [CP] Embed Pods Frameworks */ = {
			isa = PBXShellScriptBuildPhase;
			buildActionMask = 2147483647;
			files = (
			);
			inputPaths = (
			);
			name = "[CP] Embed Pods Frameworks";
			outputPaths = (
			);
			runOnlyForDeploymentPostprocessing = 0;
			shellPath = /bin/sh;
			shellScript = "\"${SRCROOT}/Pods/Target Support Files/Pods-TaskyBlocksUITests/Pods-TaskyBlocksUITests-frameworks.sh\"\n";
			showEnvVarsInLog = 0;
		};
/* End PBXShellScriptBuildPhase section */

/* Begin PBXSourcesBuildPhase section */
		9510994A2075C09F0091DF49 /* Sources */ = {
			isa = PBXSourcesBuildPhase;
			buildActionMask = 2147483647;
			files = (
				9534855A2079859300A613B9 /* PickerTableViewCell.swift in Sources */,
				95DC88D120772A8B00E346DB /* ViewController.swift in Sources */,
				9510999E2075C14A0091DF49 /* HierarchyViewController.swift in Sources */,
				9571D0CE2081C04A008272E8 /* TaskyCollectionViewLayout.swift in Sources */,
				9510999A2075C14A0091DF49 /* AppDelegate.swift in Sources */,
				9510999B2075C14A0091DF49 /* PomodoroViewController.swift in Sources */,
				953B32C3207EB4BB00B24C81 /* TaskyBlockLibrary.swift in Sources */,
				95A1834B207C39F500F38ED3 /* UITextViewPlaceholder.swift in Sources */,
				95BE0D2F2076027A0097937F /* TaskTimer.swift in Sources */,
				95DC88D52077489B00E346DB /* TaskyNode.swift in Sources */,
				95DC88D920774E2900E346DB /* TaskyGraphView.swift in Sources */,
				9571D0CA20818487008272E8 /* CollectionViewCell.swift in Sources */,
				951099A32075C14A0091DF49 /* DependencyViewController.swift in Sources */,
				9510999C2075C14A0091DF49 /* DetailViewController.swift in Sources */,
				9534855C20798A2F00A613B9 /* PickerTableViewController.swift in Sources */,
				953B32C5207EB53800B24C81 /* TaskyNodeManager.swift in Sources */,
				95D05A7820789D220053593E /* DetailTableViewCell.swift in Sources */,
				9583A27D20827948000F22EC /* TaskyNodeEditor.swift in Sources */,
				95E5EFCF20780CB700CD8D6C /* SplashViewController.swift in Sources */,
				9561F898207FB460003766B6 /* SettingsTableViewController.swift in Sources */,
				9571D0CC20818573008272E8 /* PriorityViewController.swift in Sources */,
				95DC88CD20771D7B00E346DB /* GraphPageViewController.swift in Sources */,
				9561F89C207FE43A003766B6 /* TaskyFilterManager.swift in Sources */,
				951099922075C14A0091DF49 /* PerformViewController.swift in Sources */,
				951099A42075C14A0091DF49 /* TaskyBlock2.swift in Sources */,
			);
			runOnlyForDeploymentPostprocessing = 0;
		};
		9510995E2075C0A10091DF49 /* Sources */ = {
			isa = PBXSourcesBuildPhase;
			buildActionMask = 2147483647;
			files = (
				951099A62075C3600091DF49 /* TaskyBlocksTests.swift in Sources */,
			);
			runOnlyForDeploymentPostprocessing = 0;
		};
		951099692075C0A10091DF49 /* Sources */ = {
			isa = PBXSourcesBuildPhase;
			buildActionMask = 2147483647;
			files = (
				951099722075C0A10091DF49 /* TaskyBlocksUITests.swift in Sources */,
			);
			runOnlyForDeploymentPostprocessing = 0;
		};
/* End PBXSourcesBuildPhase section */

/* Begin PBXTargetDependency section */
		951099642075C0A10091DF49 /* PBXTargetDependency */ = {
			isa = PBXTargetDependency;
			target = 9510994D2075C09F0091DF49 /* TaskyBlocks */;
			targetProxy = 951099632075C0A10091DF49 /* PBXContainerItemProxy */;
		};
		9510996F2075C0A10091DF49 /* PBXTargetDependency */ = {
			isa = PBXTargetDependency;
			target = 9510994D2075C09F0091DF49 /* TaskyBlocks */;
			targetProxy = 9510996E2075C0A10091DF49 /* PBXContainerItemProxy */;
		};
/* End PBXTargetDependency section */

/* Begin XCBuildConfiguration section */
		951099742075C0A10091DF49 /* Debug */ = {
			isa = XCBuildConfiguration;
			buildSettings = {
				ALWAYS_SEARCH_USER_PATHS = NO;
				CLANG_ANALYZER_NONNULL = YES;
				CLANG_ANALYZER_NUMBER_OBJECT_CONVERSION = YES_AGGRESSIVE;
				CLANG_CXX_LANGUAGE_STANDARD = "gnu++14";
				CLANG_CXX_LIBRARY = "libc++";
				CLANG_ENABLE_MODULES = YES;
				CLANG_ENABLE_OBJC_ARC = YES;
				CLANG_ENABLE_OBJC_WEAK = YES;
				CLANG_WARN_BLOCK_CAPTURE_AUTORELEASING = YES;
				CLANG_WARN_BOOL_CONVERSION = YES;
				CLANG_WARN_COMMA = YES;
				CLANG_WARN_CONSTANT_CONVERSION = YES;
				CLANG_WARN_DEPRECATED_OBJC_IMPLEMENTATIONS = YES;
				CLANG_WARN_DIRECT_OBJC_ISA_USAGE = YES_ERROR;
				CLANG_WARN_DOCUMENTATION_COMMENTS = YES;
				CLANG_WARN_EMPTY_BODY = YES;
				CLANG_WARN_ENUM_CONVERSION = YES;
				CLANG_WARN_INFINITE_RECURSION = YES;
				CLANG_WARN_INT_CONVERSION = YES;
				CLANG_WARN_NON_LITERAL_NULL_CONVERSION = YES;
				CLANG_WARN_OBJC_IMPLICIT_RETAIN_SELF = YES;
				CLANG_WARN_OBJC_LITERAL_CONVERSION = YES;
				CLANG_WARN_OBJC_ROOT_CLASS = YES_ERROR;
				CLANG_WARN_RANGE_LOOP_ANALYSIS = YES;
				CLANG_WARN_STRICT_PROTOTYPES = YES;
				CLANG_WARN_SUSPICIOUS_MOVE = YES;
				CLANG_WARN_UNGUARDED_AVAILABILITY = YES_AGGRESSIVE;
				CLANG_WARN_UNREACHABLE_CODE = YES;
				CLANG_WARN__DUPLICATE_METHOD_MATCH = YES;
				CODE_SIGN_IDENTITY = "iPhone Developer";
				COPY_PHASE_STRIP = NO;
				DEBUG_INFORMATION_FORMAT = dwarf;
				ENABLE_STRICT_OBJC_MSGSEND = YES;
				ENABLE_TESTABILITY = YES;
				GCC_C_LANGUAGE_STANDARD = gnu11;
				GCC_DYNAMIC_NO_PIC = NO;
				GCC_NO_COMMON_BLOCKS = YES;
				GCC_OPTIMIZATION_LEVEL = 0;
				GCC_PREPROCESSOR_DEFINITIONS = (
					"DEBUG=1",
					"$(inherited)",
				);
				GCC_WARN_64_TO_32_BIT_CONVERSION = YES;
				GCC_WARN_ABOUT_RETURN_TYPE = YES_ERROR;
				GCC_WARN_UNDECLARED_SELECTOR = YES;
				GCC_WARN_UNINITIALIZED_AUTOS = YES_AGGRESSIVE;
				GCC_WARN_UNUSED_FUNCTION = YES;
				GCC_WARN_UNUSED_VARIABLE = YES;
				IPHONEOS_DEPLOYMENT_TARGET = 11.3;
				MTL_ENABLE_DEBUG_INFO = YES;
				ONLY_ACTIVE_ARCH = YES;
				SDKROOT = iphoneos;
				SWIFT_ACTIVE_COMPILATION_CONDITIONS = DEBUG;
				SWIFT_OPTIMIZATION_LEVEL = "-Onone";
			};
			name = Debug;
		};
		951099752075C0A10091DF49 /* Release */ = {
			isa = XCBuildConfiguration;
			buildSettings = {
				ALWAYS_SEARCH_USER_PATHS = NO;
				CLANG_ANALYZER_NONNULL = YES;
				CLANG_ANALYZER_NUMBER_OBJECT_CONVERSION = YES_AGGRESSIVE;
				CLANG_CXX_LANGUAGE_STANDARD = "gnu++14";
				CLANG_CXX_LIBRARY = "libc++";
				CLANG_ENABLE_MODULES = YES;
				CLANG_ENABLE_OBJC_ARC = YES;
				CLANG_ENABLE_OBJC_WEAK = YES;
				CLANG_WARN_BLOCK_CAPTURE_AUTORELEASING = YES;
				CLANG_WARN_BOOL_CONVERSION = YES;
				CLANG_WARN_COMMA = YES;
				CLANG_WARN_CONSTANT_CONVERSION = YES;
				CLANG_WARN_DEPRECATED_OBJC_IMPLEMENTATIONS = YES;
				CLANG_WARN_DIRECT_OBJC_ISA_USAGE = YES_ERROR;
				CLANG_WARN_DOCUMENTATION_COMMENTS = YES;
				CLANG_WARN_EMPTY_BODY = YES;
				CLANG_WARN_ENUM_CONVERSION = YES;
				CLANG_WARN_INFINITE_RECURSION = YES;
				CLANG_WARN_INT_CONVERSION = YES;
				CLANG_WARN_NON_LITERAL_NULL_CONVERSION = YES;
				CLANG_WARN_OBJC_IMPLICIT_RETAIN_SELF = YES;
				CLANG_WARN_OBJC_LITERAL_CONVERSION = YES;
				CLANG_WARN_OBJC_ROOT_CLASS = YES_ERROR;
				CLANG_WARN_RANGE_LOOP_ANALYSIS = YES;
				CLANG_WARN_STRICT_PROTOTYPES = YES;
				CLANG_WARN_SUSPICIOUS_MOVE = YES;
				CLANG_WARN_UNGUARDED_AVAILABILITY = YES_AGGRESSIVE;
				CLANG_WARN_UNREACHABLE_CODE = YES;
				CLANG_WARN__DUPLICATE_METHOD_MATCH = YES;
				CODE_SIGN_IDENTITY = "iPhone Developer";
				COPY_PHASE_STRIP = NO;
				DEBUG_INFORMATION_FORMAT = "dwarf-with-dsym";
				ENABLE_NS_ASSERTIONS = NO;
				ENABLE_STRICT_OBJC_MSGSEND = YES;
				GCC_C_LANGUAGE_STANDARD = gnu11;
				GCC_NO_COMMON_BLOCKS = YES;
				GCC_WARN_64_TO_32_BIT_CONVERSION = YES;
				GCC_WARN_ABOUT_RETURN_TYPE = YES_ERROR;
				GCC_WARN_UNDECLARED_SELECTOR = YES;
				GCC_WARN_UNINITIALIZED_AUTOS = YES_AGGRESSIVE;
				GCC_WARN_UNUSED_FUNCTION = YES;
				GCC_WARN_UNUSED_VARIABLE = YES;
				IPHONEOS_DEPLOYMENT_TARGET = 11.3;
				MTL_ENABLE_DEBUG_INFO = NO;
				SDKROOT = iphoneos;
				SWIFT_COMPILATION_MODE = wholemodule;
				SWIFT_OPTIMIZATION_LEVEL = "-O";
				VALIDATE_PRODUCT = YES;
			};
			name = Release;
		};
		951099772075C0A10091DF49 /* Debug */ = {
			isa = XCBuildConfiguration;
			baseConfigurationReference = F60413C7A89086E30F4D0CA1 /* Pods-TaskyBlocks.debug.xcconfig */;
			buildSettings = {
				ASSETCATALOG_COMPILER_APPICON_NAME = AppIcon;
				CLANG_ENABLE_MODULES = YES;
				CODE_SIGN_STYLE = Automatic;
				DEVELOPMENT_TEAM = 4V94RGV9SC;
				INFOPLIST_FILE = TaskyBlocks/Info.plist;
				IPHONEOS_DEPLOYMENT_TARGET = 11.3;
				LD_RUNPATH_SEARCH_PATHS = (
					"$(inherited)",
					"@executable_path/Frameworks",
				);
				PRODUCT_BUNDLE_IDENTIFIER = celoranta.TaskyBlocks;
				PRODUCT_NAME = "$(TARGET_NAME)";
				SWIFT_OPTIMIZATION_LEVEL = "-Onone";
				SWIFT_VERSION = 4.0;
				TARGETED_DEVICE_FAMILY = "1,2";
			};
			name = Debug;
		};
		951099782075C0A10091DF49 /* Release */ = {
			isa = XCBuildConfiguration;
			baseConfigurationReference = FB974643A72EBA075538E8B3 /* Pods-TaskyBlocks.release.xcconfig */;
			buildSettings = {
				ASSETCATALOG_COMPILER_APPICON_NAME = AppIcon;
				CLANG_ENABLE_MODULES = YES;
				CODE_SIGN_STYLE = Automatic;
				DEVELOPMENT_TEAM = 4V94RGV9SC;
				INFOPLIST_FILE = TaskyBlocks/Info.plist;
				IPHONEOS_DEPLOYMENT_TARGET = 11.3;
				LD_RUNPATH_SEARCH_PATHS = (
					"$(inherited)",
					"@executable_path/Frameworks",
				);
				PRODUCT_BUNDLE_IDENTIFIER = celoranta.TaskyBlocks;
				PRODUCT_NAME = "$(TARGET_NAME)";
				SWIFT_VERSION = 4.0;
				TARGETED_DEVICE_FAMILY = "1,2";
			};
			name = Release;
		};
		9510997A2075C0A10091DF49 /* Debug */ = {
			isa = XCBuildConfiguration;
			baseConfigurationReference = 346425527CA56A1F0069E0C7 /* Pods-TaskyBlocksTests.debug.xcconfig */;
			buildSettings = {
				ALWAYS_EMBED_SWIFT_STANDARD_LIBRARIES = YES;
				BUNDLE_LOADER = "$(TEST_HOST)";
				CODE_SIGN_STYLE = Automatic;
				DEVELOPMENT_TEAM = 4V94RGV9SC;
				INFOPLIST_FILE = TaskyBlocksTests/Info.plist;
				LD_RUNPATH_SEARCH_PATHS = (
					"$(inherited)",
					"@executable_path/Frameworks",
					"@loader_path/Frameworks",
				);
				PRODUCT_BUNDLE_IDENTIFIER = celoranta.TaskyBlocksTests;
				PRODUCT_NAME = "$(TARGET_NAME)";
				SWIFT_VERSION = 4.0;
				TARGETED_DEVICE_FAMILY = "1,2";
				TEST_HOST = "$(BUILT_PRODUCTS_DIR)/TaskyBlocks.app/TaskyBlocks";
			};
			name = Debug;
		};
		9510997B2075C0A10091DF49 /* Release */ = {
			isa = XCBuildConfiguration;
			baseConfigurationReference = 4F1BA92A39685022D1D3C68E /* Pods-TaskyBlocksTests.release.xcconfig */;
			buildSettings = {
				ALWAYS_EMBED_SWIFT_STANDARD_LIBRARIES = YES;
				BUNDLE_LOADER = "$(TEST_HOST)";
				CODE_SIGN_STYLE = Automatic;
				DEVELOPMENT_TEAM = 4V94RGV9SC;
				INFOPLIST_FILE = TaskyBlocksTests/Info.plist;
				LD_RUNPATH_SEARCH_PATHS = (
					"$(inherited)",
					"@executable_path/Frameworks",
					"@loader_path/Frameworks",
				);
				PRODUCT_BUNDLE_IDENTIFIER = celoranta.TaskyBlocksTests;
				PRODUCT_NAME = "$(TARGET_NAME)";
				SWIFT_VERSION = 4.0;
				TARGETED_DEVICE_FAMILY = "1,2";
				TEST_HOST = "$(BUILT_PRODUCTS_DIR)/TaskyBlocks.app/TaskyBlocks";
			};
			name = Release;
		};
		9510997D2075C0A10091DF49 /* Debug */ = {
			isa = XCBuildConfiguration;
			baseConfigurationReference = A72648820E802729DA3A0EBD /* Pods-TaskyBlocksUITests.debug.xcconfig */;
			buildSettings = {
				ALWAYS_EMBED_SWIFT_STANDARD_LIBRARIES = YES;
				CODE_SIGN_STYLE = Automatic;
				DEVELOPMENT_TEAM = 4V94RGV9SC;
				INFOPLIST_FILE = TaskyBlocksUITests/Info.plist;
				LD_RUNPATH_SEARCH_PATHS = (
					"$(inherited)",
					"@executable_path/Frameworks",
					"@loader_path/Frameworks",
				);
				PRODUCT_BUNDLE_IDENTIFIER = celoranta.TaskyBlocksUITests;
				PRODUCT_NAME = "$(TARGET_NAME)";
				SWIFT_VERSION = 4.0;
				TARGETED_DEVICE_FAMILY = "1,2";
				TEST_TARGET_NAME = TaskyBlocks;
			};
			name = Debug;
		};
		9510997E2075C0A10091DF49 /* Release */ = {
			isa = XCBuildConfiguration;
			baseConfigurationReference = 02832F0167D32952AFA3D549 /* Pods-TaskyBlocksUITests.release.xcconfig */;
			buildSettings = {
				ALWAYS_EMBED_SWIFT_STANDARD_LIBRARIES = YES;
				CODE_SIGN_STYLE = Automatic;
				DEVELOPMENT_TEAM = 4V94RGV9SC;
				INFOPLIST_FILE = TaskyBlocksUITests/Info.plist;
				LD_RUNPATH_SEARCH_PATHS = (
					"$(inherited)",
					"@executable_path/Frameworks",
					"@loader_path/Frameworks",
				);
				PRODUCT_BUNDLE_IDENTIFIER = celoranta.TaskyBlocksUITests;
				PRODUCT_NAME = "$(TARGET_NAME)";
				SWIFT_VERSION = 4.0;
				TARGETED_DEVICE_FAMILY = "1,2";
				TEST_TARGET_NAME = TaskyBlocks;
			};
			name = Release;
		};
/* End XCBuildConfiguration section */

/* Begin XCConfigurationList section */
		951099492075C09F0091DF49 /* Build configuration list for PBXProject "TaskyBlocks" */ = {
			isa = XCConfigurationList;
			buildConfigurations = (
				951099742075C0A10091DF49 /* Debug */,
				951099752075C0A10091DF49 /* Release */,
			);
			defaultConfigurationIsVisible = 0;
			defaultConfigurationName = Release;
		};
		951099762075C0A10091DF49 /* Build configuration list for PBXNativeTarget "TaskyBlocks" */ = {
			isa = XCConfigurationList;
			buildConfigurations = (
				951099772075C0A10091DF49 /* Debug */,
				951099782075C0A10091DF49 /* Release */,
			);
			defaultConfigurationIsVisible = 0;
			defaultConfigurationName = Release;
		};
		951099792075C0A10091DF49 /* Build configuration list for PBXNativeTarget "TaskyBlocksTests" */ = {
			isa = XCConfigurationList;
			buildConfigurations = (
				9510997A2075C0A10091DF49 /* Debug */,
				9510997B2075C0A10091DF49 /* Release */,
			);
			defaultConfigurationIsVisible = 0;
			defaultConfigurationName = Release;
		};
		9510997C2075C0A10091DF49 /* Build configuration list for PBXNativeTarget "TaskyBlocksUITests" */ = {
			isa = XCConfigurationList;
			buildConfigurations = (
				9510997D2075C0A10091DF49 /* Debug */,
				9510997E2075C0A10091DF49 /* Release */,
			);
			defaultConfigurationIsVisible = 0;
			defaultConfigurationName = Release;
		};
/* End XCConfigurationList section */
	};
	rootObject = 951099462075C09F0091DF49 /* Project object */;
}
